// !$*UTF8*$!
{
	archiveVersion = 1;
	classes = {
	};
	objectVersion = 46;
	objects = {

/* Begin PBXBuildFile section */
		27CB0C871D39F7400087B34F /* DrawCoreViewController.swift in Sources */ = {isa = PBXBuildFile; fileRef = 27CB0C861D39F7400087B34F /* DrawCoreViewController.swift */; };
		6B478FB51D38E20F00903FFF /* AppDelegate.swift in Sources */ = {isa = PBXBuildFile; fileRef = 6B478FB41D38E20F00903FFF /* AppDelegate.swift */; };
		6B478FB71D38E20F00903FFF /* ViewController.swift in Sources */ = {isa = PBXBuildFile; fileRef = 6B478FB61D38E20F00903FFF /* ViewController.swift */; };
		6B478FBA1D38E20F00903FFF /* Main.storyboard in Resources */ = {isa = PBXBuildFile; fileRef = 6B478FB81D38E20F00903FFF /* Main.storyboard */; };
		6B478FBC1D38E20F00903FFF /* Assets.xcassets in Resources */ = {isa = PBXBuildFile; fileRef = 6B478FBB1D38E20F00903FFF /* Assets.xcassets */; };
		6B478FBF1D38E20F00903FFF /* LaunchScreen.storyboard in Resources */ = {isa = PBXBuildFile; fileRef = 6B478FBD1D38E20F00903FFF /* LaunchScreen.storyboard */; };
/* End PBXBuildFile section */

/* Begin PBXFileReference section */
		27CB0C861D39F7400087B34F /* DrawCoreViewController.swift */ = {isa = PBXFileReference; fileEncoding = 4; lastKnownFileType = sourcecode.swift; path = DrawCoreViewController.swift; sourceTree = "<group>"; };
		6B478FB11D38E20D00903FFF /* PhotoEditorSwift.app */ = {isa = PBXFileReference; explicitFileType = wrapper.application; includeInIndex = 0; path = PhotoEditorSwift.app; sourceTree = BUILT_PRODUCTS_DIR; };
		6B478FB41D38E20F00903FFF /* AppDelegate.swift */ = {isa = PBXFileReference; lastKnownFileType = sourcecode.swift; path = AppDelegate.swift; sourceTree = "<group>"; };
		6B478FB61D38E20F00903FFF /* ViewController.swift */ = {isa = PBXFileReference; lastKnownFileType = sourcecode.swift; path = ViewController.swift; sourceTree = "<group>"; };
		6B478FB91D38E20F00903FFF /* Base */ = {isa = PBXFileReference; lastKnownFileType = file.storyboard; name = Base; path = Base.lproj/Main.storyboard; sourceTree = "<group>"; };
		6B478FBB1D38E20F00903FFF /* Assets.xcassets */ = {isa = PBXFileReference; lastKnownFileType = folder.assetcatalog; path = Assets.xcassets; sourceTree = "<group>"; };
		6B478FBE1D38E20F00903FFF /* Base */ = {isa = PBXFileReference; lastKnownFileType = file.storyboard; name = Base; path = Base.lproj/LaunchScreen.storyboard; sourceTree = "<group>"; };
		6B478FC01D38E20F00903FFF /* Info.plist */ = {isa = PBXFileReference; lastKnownFileType = text.plist.xml; path = Info.plist; sourceTree = "<group>"; };
/* End PBXFileReference section */

/* Begin PBXFrameworksBuildPhase section */
		6B478FAE1D38E20D00903FFF /* Frameworks */ = {
			isa = PBXFrameworksBuildPhase;
			buildActionMask = 2147483647;
			files = (
			);
			runOnlyForDeploymentPostprocessing = 0;
		};
/* End PBXFrameworksBuildPhase section */

/* Begin PBXGroup section */
		6B478FA81D38E20D00903FFF = {
			isa = PBXGroup;
			children = (
				6B478FB31D38E20D00903FFF /* PhotoEditorSwift */,
				6B478FB21D38E20D00903FFF /* Products */,
			);
			sourceTree = "<group>";
		};
		6B478FB21D38E20D00903FFF /* Products */ = {
			isa = PBXGroup;
			children = (
				6B478FB11D38E20D00903FFF /* PhotoEditorSwift.app */,
			);
			name = Products;
			sourceTree = "<group>";
		};
		6B478FB31D38E20D00903FFF /* PhotoEditorSwift */ = {
			isa = PBXGroup;
			children = (
				6B478FB41D38E20F00903FFF /* AppDelegate.swift */,
				6B478FB61D38E20F00903FFF /* ViewController.swift */,
				27CB0C861D39F7400087B34F /* DrawCoreViewController.swift */,
				6B478FB81D38E20F00903FFF /* Main.storyboard */,
				6B478FBB1D38E20F00903FFF /* Assets.xcassets */,
				6B478FBD1D38E20F00903FFF /* LaunchScreen.storyboard */,
				6B478FC01D38E20F00903FFF /* Info.plist */,
			);
			path = PhotoEditorSwift;
			sourceTree = "<group>";
		};
/* End PBXGroup section */

/* Begin PBXNativeTarget section */
		6B478FB01D38E20D00903FFF /* PhotoEditorSwift */ = {
			isa = PBXNativeTarget;
			buildConfigurationList = 6B478FC31D38E20F00903FFF /* Build configuration list for PBXNativeTarget "PhotoEditorSwift" */;
			buildPhases = (
				6B478FAD1D38E20D00903FFF /* Sources */,
				6B478FAE1D38E20D00903FFF /* Frameworks */,
				6B478FAF1D38E20D00903FFF /* Resources */,
			);
			buildRules = (
			);
			dependencies = (
			);
			name = PhotoEditorSwift;
			productName = PhotoEditorSwift;
			productReference = 6B478FB11D38E20D00903FFF /* PhotoEditorSwift.app */;
			productType = "com.apple.product-type.application";
		};
/* End PBXNativeTarget section */

/* Begin PBXProject section */
		6B478FA91D38E20D00903FFF /* Project object */ = {
			isa = PBXProject;
			attributes = {
				LastSwiftUpdateCheck = 0720;
				LastUpgradeCheck = 0720;
				ORGANIZATIONNAME = 0xfeedface;
				TargetAttributes = {
					6B478FB01D38E20D00903FFF = {
						CreatedOnToolsVersion = 7.2.1;
						DevelopmentTeam = D742Y4JD9B;
						LastSwiftMigration = 0810;
					};
				};
			};
			buildConfigurationList = 6B478FAC1D38E20D00903FFF /* Build configuration list for PBXProject "PhotoEditorSwift" */;
			compatibilityVersion = "Xcode 3.2";
			developmentRegion = English;
			hasScannedForEncodings = 0;
			knownRegions = (
				en,
				Base,
			);
			mainGroup = 6B478FA81D38E20D00903FFF;
			productRefGroup = 6B478FB21D38E20D00903FFF /* Products */;
			projectDirPath = "";
			projectRoot = "";
			targets = (
				6B478FB01D38E20D00903FFF /* PhotoEditorSwift */,
			);
		};
/* End PBXProject section */

/* Begin PBXResourcesBuildPhase section */
		6B478FAF1D38E20D00903FFF /* Resources */ = {
			isa = PBXResourcesBuildPhase;
			buildActionMask = 2147483647;
			files = (
				6B478FBF1D38E20F00903FFF /* LaunchScreen.storyboard in Resources */,
				6B478FBC1D38E20F00903FFF /* Assets.xcassets in Resources */,
				6B478FBA1D38E20F00903FFF /* Main.storyboard in Resources */,
			);
			runOnlyForDeploymentPostprocessing = 0;
		};
/* End PBXResourcesBuildPhase section */

/* Begin PBXSourcesBuildPhase section */
		6B478FAD1D38E20D00903FFF /* Sources */ = {
			isa = PBXSourcesBuildPhase;
			buildActionMask = 2147483647;
			files = (
				6B478FB71D38E20F00903FFF /* ViewController.swift in Sources */,
				27CB0C871D39F7400087B34F /* DrawCoreViewController.swift in Sources */,
				6B478FB51D38E20F00903FFF /* AppDelegate.swift in Sources */,
			);
			runOnlyForDeploymentPostprocessing = 0;
		};
/* End PBXSourcesBuildPhase section */

/* Begin PBXVariantGroup section */
		6B478FB81D38E20F00903FFF /* Main.storyboard */ = {
			isa = PBXVariantGroup;
			children = (
				6B478FB91D38E20F00903FFF /* Base */,
			);
			name = Main.storyboard;
			sourceTree = "<group>";
		};
		6B478FBD1D38E20F00903FFF /* LaunchScreen.storyboard */ = {
			isa = PBXVariantGroup;
			children = (
				6B478FBE1D38E20F00903FFF /* Base */,
			);
			name = LaunchScreen.storyboard;
			sourceTree = "<group>";
		};
/* End PBXVariantGroup section */

/* Begin XCBuildConfiguration section */
		6B478FC11D38E20F00903FFF /* Debug */ = {
			isa = XCBuildConfiguration;
			buildSettings = {
				ALWAYS_SEARCH_USER_PATHS = NO;
				CLANG_CXX_LANGUAGE_STANDARD = "gnu++0x";
				CLANG_CXX_LIBRARY = "libc++";
				CLANG_ENABLE_MODULES = YES;
				CLANG_ENABLE_OBJC_ARC = YES;
				CLANG_WARN_BOOL_CONVERSION = YES;
				CLANG_WARN_CONSTANT_CONVERSION = YES;
				CLANG_WARN_DIRECT_OBJC_ISA_USAGE = YES_ERROR;
				CLANG_WARN_EMPTY_BODY = YES;
				CLANG_WARN_ENUM_CONVERSION = YES;
				CLANG_WARN_INT_CONVERSION = YES;
				CLANG_WARN_OBJC_ROOT_CLASS = YES_ERROR;
				CLANG_WARN_UNREACHABLE_CODE = YES;
				CLANG_WARN__DUPLICATE_METHOD_MATCH = YES;
				"CODE_SIGN_IDENTITY[sdk=iphoneos*]" = "iPhone Developer";
				COPY_PHASE_STRIP = NO;
				DEBUG_INFORMATION_FORMAT = dwarf;
				ENABLE_STRICT_OBJC_MSGSEND = YES;
				ENABLE_TESTABILITY = YES;
				GCC_C_LANGUAGE_STANDARD = gnu99;
				GCC_DYNAMIC_NO_PIC = NO;
				GCC_NO_COMMON_BLOCKS = YES;
				GCC_OPTIMIZATION_LEVEL = 0;
				GCC_PREPROCESSOR_DEFINITIONS = (
					"DEBUG=1",
					"$(inherited)",
				);
				GCC_WARN_64_TO_32_BIT_CONVERSION = YES;
				GCC_WARN_ABOUT_RETURN_TYPE = YES_ERROR;
				GCC_WARN_UNDECLARED_SELECTOR = YES;
				GCC_WARN_UNINITIALIZED_AUTOS = YES_AGGRESSIVE;
				GCC_WARN_UNUSED_FUNCTION = YES;
				GCC_WARN_UNUSED_VARIABLE = YES;
				IPHONEOS_DEPLOYMENT_TARGET = 9.2;
				MTL_ENABLE_DEBUG_INFO = YES;
				ONLY_ACTIVE_ARCH = YES;
				SDKROOT = iphoneos;
				"SWIFT_OBJC_BRIDGING_HEADER[arch=*]" = "";
				SWIFT_OPTIMIZATION_LEVEL = "-Onone";
			};
			name = Debug;
		};
		6B478FC21D38E20F00903FFF /* Release */ = {
			isa = XCBuildConfiguration;
			buildSettings = {
				ALWAYS_SEARCH_USER_PATHS = NO;
				CLANG_CXX_LANGUAGE_STANDARD = "gnu++0x";
				CLANG_CXX_LIBRARY = "libc++";
				CLANG_ENABLE_MODULES = YES;
				CLANG_ENABLE_OBJC_ARC = YES;
				CLANG_WARN_BOOL_CONVERSION = YES;
				CLANG_WARN_CONSTANT_CONVERSION = YES;
				CLANG_WARN_DIRECT_OBJC_ISA_USAGE = YES_ERROR;
				CLANG_WARN_EMPTY_BODY = YES;
				CLANG_WARN_ENUM_CONVERSION = YES;
				CLANG_WARN_INT_CONVERSION = YES;
				CLANG_WARN_OBJC_ROOT_CLASS = YES_ERROR;
				CLANG_WARN_UNREACHABLE_CODE = YES;
				CLANG_WARN__DUPLICATE_METHOD_MATCH = YES;
				"CODE_SIGN_IDENTITY[sdk=iphoneos*]" = "iPhone Developer";
				COPY_PHASE_STRIP = NO;
				DEBUG_INFORMATION_FORMAT = "dwarf-with-dsym";
				ENABLE_NS_ASSERTIONS = NO;
				ENABLE_STRICT_OBJC_MSGSEND = YES;
				GCC_C_LANGUAGE_STANDARD = gnu99;
				GCC_NO_COMMON_BLOCKS = YES;
				GCC_WARN_64_TO_32_BIT_CONVERSION = YES;
				GCC_WARN_ABOUT_RETURN_TYPE = YES_ERROR;
				GCC_WARN_UNDECLARED_SELECTOR = YES;
				GCC_WARN_UNINITIALIZED_AUTOS = YES_AGGRESSIVE;
				GCC_WARN_UNUSED_FUNCTION = YES;
				GCC_WARN_UNUSED_VARIABLE = YES;
				IPHONEOS_DEPLOYMENT_TARGET = 9.2;
				MTL_ENABLE_DEBUG_INFO = NO;
				SDKROOT = iphoneos;
				VALIDATE_PRODUCT = YES;
			};
			name = Release;
		};
		6B478FC41D38E20F00903FFF /* Debug */ = {
			isa = XCBuildConfiguration;
			buildSettings = {
				ASSETCATALOG_COMPILER_APPICON_NAME = AppIcon;
				DEVELOPMENT_TEAM = D742Y4JD9B;
				INFOPLIST_FILE = PhotoEditorSwift/Info.plist;
				IPHONEOS_DEPLOYMENT_TARGET = 10.1;
				LD_RUNPATH_SEARCH_PATHS = "$(inherited) @executable_path/Frameworks";
				PRODUCT_BUNDLE_IDENTIFIER = com.ibm;
				PRODUCT_NAME = "$(TARGET_NAME)";
				SWIFT_VERSION = 3.0;
			};
			name = Debug;
		};
		6B478FC51D38E20F00903FFF /* Release */ = {
			isa = XCBuildConfiguration;
			buildSettings = {
				ASSETCATALOG_COMPILER_APPICON_NAME = AppIcon;
				DEVELOPMENT_TEAM = D742Y4JD9B;
				INFOPLIST_FILE = PhotoEditorSwift/Info.plist;
				IPHONEOS_DEPLOYMENT_TARGET = 10.1;
				LD_RUNPATH_SEARCH_PATHS = "$(inherited) @executable_path/Frameworks";
				PRODUCT_BUNDLE_IDENTIFIER = com.ibm;
				PRODUCT_NAME = "$(TARGET_NAME)";
				SWIFT_VERSION = 3.0;
			};
			name = Release;
		};
/* End XCBuildConfiguration section */

/* Begin XCConfigurationList section */
		6B478FAC1D38E20D00903FFF /* Build configuration list for PBXProject "PhotoEditorSwift" */ = {
			isa = XCConfigurationList;
			buildConfigurations = (
				6B478FC11D38E20F00903FFF /* Debug */,
				6B478FC21D38E20F00903FFF /* Release */,
			);
			defaultConfigurationIsVisible = 0;
			defaultConfigurationName = Release;
		};
		6B478FC31D38E20F00903FFF /* Build configuration list for PBXNativeTarget "PhotoEditorSwift" */ = {
			isa = XCConfigurationList;
			buildConfigurations = (
				6B478FC41D38E20F00903FFF /* Debug */,
				6B478FC51D38E20F00903FFF /* Release */,
			);
			defaultConfigurationIsVisible = 0;
			defaultConfigurationName = Release;
		};
/* End XCConfigurationList section */
	};
	rootObject = 6B478FA91D38E20D00903FFF /* Project object */;
}
